<?xml version="1.0" encoding="utf-8"?>
<Project ToolsVersion="4.0" xmlns="http://schemas.microsoft.com/developer/msbuild/2003">
  <ItemGroup>
    <Filter Include="Source Files">
      <UniqueIdentifier>{4FC737F1-C7A5-4376-A066-2A32D752A2FF}</UniqueIdentifier>
      <Extensions>cpp;c;cc;cxx;def;odl;idl;hpj;bat;asm;asmx</Extensions>
    </Filter>
    <Filter Include="Header Files">
      <UniqueIdentifier>{93995380-89BD-4b04-88EB-625FBE52EBFB}</UniqueIdentifier>
      <Extensions>h;hpp;hxx;hm;inl;inc;xsd</Extensions>
    </Filter>
    <Filter Include="Resource Files">
      <UniqueIdentifier>{67DA6AB6-F800-4c08-8B7A-83BB121AAD01}</UniqueIdentifier>
      <Extensions>rc;ico;cur;bmp;dlg;rc2;rct;bin;rgs;gif;jpg;jpeg;jpe;resx;tiff;tif;png;wav</Extensions>
    </Filter>
  </ItemGroup>
  <ItemGroup>
    <ClCompile Include="common\ant_dll.cpp">
      <Filter>Source Files</Filter>
    </ClCompile>
    <ClCompile Include="basesim\ANTChannel.cpp">
      <Filter>Source Files</Filter>
    </ClCompile>
    <ClCompile Include="basesim\ANTClass.cpp">
      <Filter>Source Files</Filter>
    </ClCompile>
    <ClCompile Include="displaysim\AssemblyInfo.cpp">
      <Filter>Source Files</Filter>
    </ClCompile>
    <ClCompile Include="devices\BikeCadenceDisplay.cpp">
      <Filter>Source Files</Filter>
    </ClCompile>
    <ClCompile Include="devices\BikePowerDisplay.cpp">
      <Filter>Source Files</Filter>
    </ClCompile>
    <ClCompile Include="devices\BikeSpdCadDisplay.cpp">
      <Filter>Source Files</Filter>
    </ClCompile>
    <ClCompile Include="devices\BikeSpeedDisplay.cpp">
      <Filter>Source Files</Filter>
    </ClCompile>
    <ClCompile Include="devices\CustomDisplay.cpp">
      <Filter>Source Files</Filter>
    </ClCompile>
    <ClCompile Include="devices\GeocacheDisplay.cpp">
      <Filter>Source Files</Filter>
    </ClCompile>
    <ClCompile Include="devices\HRMDisplay.cpp">
      <Filter>Source Files</Filter>
    </ClCompile>
    <ClCompile Include="devices\LEVDisplay.cpp">
      <Filter>Source Files</Filter>
    </ClCompile>
    <ClCompile Include="basesim\MainForm.cpp">
      <Filter>Source Files</Filter>
    </ClCompile>
    <ClCompile Include="devices\MSMDisplay.cpp">
      <Filter>Source Files</Filter>
    </ClCompile>
    <ClCompile Include="devices\RacquetDisplay.cpp">
      <Filter>Source Files</Filter>
    </ClCompile>
    <ClCompile Include="devices\SDMDisplay.cpp">
      <Filter>Source Files</Filter>
    </ClCompile>
    <ClCompile Include="basesim\SimMain.cpp">
      <Filter>Source Files</Filter>
    </ClCompile>
    <ClCompile Include="basesim\stdafx.cpp">
      <Filter>Source Files</Filter>
    </ClCompile>
    <ClCompile Include="devices\TemperatureDisplay.cpp">
      <Filter>Source Files</Filter>
    </ClCompile>
    <ClCompile Include="devices\WeightScaleDisplay.cpp">
      <Filter>Source Files</Filter>
    </ClCompile>
    <ClCompile Include="devices\BikeSpeedDisplayDummy.cpp">
      <Filter>Source Files</Filter>
    </ClCompile>
    <ClCompile Include="devices\Communication.cpp">
      <Filter>Source Files</Filter>
    </ClCompile>
  </ItemGroup>
  <ItemGroup>
    <ClInclude Include="basesim\AboutSim.h">
      <Filter>Header Files</Filter>
    </ClInclude>
    <ClInclude Include="common\ant_dll.h">
      <Filter>Header Files</Filter>
    </ClInclude>
    <ClInclude Include="basesim\ANTChannel.h">
      <Filter>Header Files</Filter>
    </ClInclude>
    <ClInclude Include="basesim\ANTClass.h">
      <Filter>Header Files</Filter>
    </ClInclude>
    <ClInclude Include="common\antdefines.h">
      <Filter>Header Files</Filter>
    </ClInclude>
    <ClInclude Include="common\antmessage.h">
      <Filter>Header Files</Filter>
    </ClInclude>
    <ClInclude Include="basesim\antplus.h">
      <Filter>Header Files</Filter>
    </ClInclude>
    <ClInclude Include="devices\antplus_bikepower.h">
      <Filter>Header Files</Filter>
    </ClInclude>
    <ClInclude Include="devices\antplus_common.h">
      <Filter>Header Files</Filter>
    </ClInclude>
    <ClInclude Include="devices\antplus_control.h">
      <Filter>Header Files</Filter>
    </ClInclude>
    <ClInclude Include="devices\antPlus_Geocache.h">
      <Filter>Header Files</Filter>
    </ClInclude>
    <ClInclude Include="devices\antplus_lev.h">
      <Filter>Header Files</Filter>
    </ClInclude>
    <ClInclude Include="devices\antPlus_MSM.h">
      <Filter>Header Files</Filter>
    </ClInclude>
    <ClInclude Include="devices\antplus_racquet.h">
      <Filter>Header Files</Filter>
    </ClInclude>
    <ClInclude Include="devices\antplus_weight.h">
      <Filter>Header Files</Filter>
    </ClInclude>
    <ClInclude Include="devices\bc.h">
      <Filter>Header Files</Filter>
    </ClInclude>
    <ClInclude Include="devices\BikeCadenceDisplay.h">
      <Filter>Header Files</Filter>
    </ClInclude>
    <ClInclude Include="devices\BikePowerDisplay.h">
      <Filter>Header Files</Filter>
    </ClInclude>
    <ClInclude Include="devices\BikeSpdCadDisplay.h">
      <Filter>Header Files</Filter>
    </ClInclude>
    <ClInclude Include="devices\BikeSpeedDisplay.h">
      <Filter>Header Files</Filter>
    </ClInclude>
    <ClInclude Include="devices\bs.h">
      <Filter>Header Files</Filter>
    </ClInclude>
    <ClInclude Include="devices\bsc.h">
      <Filter>Header Files</Filter>
    </ClInclude>
    <ClInclude Include="displaysim\config.h">
      <Filter>Header Files</Filter>
    </ClInclude>
    <ClInclude Include="devices\custom.h">
      <Filter>Header Files</Filter>
    </ClInclude>
    <ClInclude Include="devices\CustomDisplay.h">
      <Filter>Header Files</Filter>
    </ClInclude>
    <ClInclude Include="devices\GeocacheDisplay.h">
      <Filter>Header Files</Filter>
    </ClInclude>
    <ClInclude Include="devices\hrm.h">
      <Filter>Header Files</Filter>
    </ClInclude>
    <ClInclude Include="devices\HRMDisplay.h">
      <Filter>Header Files</Filter>
    </ClInclude>
    <ClInclude Include="devices\ISimBase.h">
      <Filter>Header Files</Filter>
    </ClInclude>
    <ClInclude Include="devices\LEVDisplay.h">
      <Filter>Header Files</Filter>
    </ClInclude>
    <ClInclude Include="basesim\MainForm.h">
      <Filter>Header Files</Filter>
    </ClInclude>
    <ClInclude Include="devices\MSMDisplay.h">
      <Filter>Header Files</Filter>
    </ClInclude>
    <ClInclude Include="devices\RacquetDisplay.h">
      <Filter>Header Files</Filter>
    </ClInclude>
    <ClInclude Include="devices\sdm.h">
      <Filter>Header Files</Filter>
    </ClInclude>
    <ClInclude Include="devices\SDMDisplay.h">
      <Filter>Header Files</Filter>
    </ClInclude>
    <ClInclude Include="basesim\SimTypes.h">
      <Filter>Header Files</Filter>
    </ClInclude>
    <ClInclude Include="basesim\stdafx.h">
      <Filter>Header Files</Filter>
    </ClInclude>
    <ClInclude Include="devices\TemperatureDisplay.h">
      <Filter>Header Files</Filter>
    </ClInclude>
    <ClInclude Include="common\types.h">
      <Filter>Header Files</Filter>
    </ClInclude>
    <ClInclude Include="devices\WeightScaleDisplay.h">
      <Filter>Header Files</Filter>
    </ClInclude>
    <ClInclude Include="devices\BikeSpeedDisplayDummy.h">
      <Filter>Header Files</Filter>
    </ClInclude>
    <ClInclude Include="devices\Communication.h">
      <Filter>Header Files</Filter>
    </ClInclude>
  </ItemGroup>
  <ItemGroup>
    <Image Include="basesim\antplus.ico">
      <Filter>Resource Files</Filter>
    </Image>
  </ItemGroup>
  <ItemGroup>
    <ResourceCompile Include="basesim\app.rc">
      <Filter>Resource Files</Filter>
    </ResourceCompile>
  </ItemGroup>
  <ItemGroup>
    <EmbeddedResource Include="basesim\AboutSim.resx">
      <Filter>Resource Files</Filter>
    </EmbeddedResource>
    <EmbeddedResource Include="basesim\ANTChannel.resx">
      <Filter>Resource Files</Filter>
    </EmbeddedResource>
    <EmbeddedResource Include="basesim\MainForm.resX">
      <Filter>Resource Files</Filter>
    </EmbeddedResource>
    <EmbeddedResource Include="devices\BikeCadenceDisplay.resx">
      <Filter>Resource Files</Filter>
    </EmbeddedResource>
    <EmbeddedResource Include="devices\BikePowerDisplay.resx">
      <Filter>Resource Files</Filter>
    </EmbeddedResource>
    <EmbeddedResource Include="devices\BikeSpdCadDisplay.resx">
      <Filter>Resource Files</Filter>
    </EmbeddedResource>
    <EmbeddedResource Include="devices\BikeSpeedDisplay.resx">
      <Filter>Resource Files</Filter>
    </EmbeddedResource>
    <EmbeddedResource Include="devices\CustomDisplay.resx">
      <Filter>Resource Files</Filter>
    </EmbeddedResource>
    <EmbeddedResource Include="devices\GeocacheDisplay.resx">
      <Filter>Resource Files</Filter>
    </EmbeddedResource>
    <EmbeddedResource Include="devices\HRMDisplay.resx">
      <Filter>Resource Files</Filter>
    </EmbeddedResource>
    <EmbeddedResource Include="devices\LEVDisplay.resx">
      <Filter>Resource Files</Filter>
    </EmbeddedResource>
    <EmbeddedResource Include="devices\MSMDisplay.resx">
      <Filter>Resource Files</Filter>
    </EmbeddedResource>
    <EmbeddedResource Include="devices\RacquetDisplay.resx">
      <Filter>Resource Files</Filter>
    </EmbeddedResource>
    <EmbeddedResource Include="devices\SDMDisplay.resx">
      <Filter>Resource Files</Filter>
    </EmbeddedResource>
    <EmbeddedResource Include="devices\TemperatureDisplay.resx">
      <Filter>Resource Files</Filter>
    </EmbeddedResource>
    <EmbeddedResource Include="devices\WeightScaleDisplay.resx">
      <Filter>Resource Files</Filter>
    </EmbeddedResource>
    <EmbeddedResource Include="devices\BikeSpeedDisplayDummy.resx">
      <Filter>Header Files</Filter>
    </EmbeddedResource>
  </ItemGroup>
</Project>