<?xml version="1.0" encoding="utf-8"?>
<Project ToolsVersion="4.0" xmlns="http://schemas.microsoft.com/developer/msbuild/2003">
  <ItemGroup>
    <Filter Include="Source Files">
      <UniqueIdentifier>{4FC737F1-C7A5-4376-A066-2A32D752A2FF}</UniqueIdentifier>
      <Extensions>cpp;c;cc;cxx;def;odl;idl;hpj;bat;asm;asmx</Extensions>
    </Filter>
    <Filter Include="Header Files">
      <UniqueIdentifier>{93995380-89BD-4b04-88EB-625FBE52EBFB}</UniqueIdentifier>
      <Extensions>h;hpp;hxx;hm;inl;inc;xsd</Extensions>
    </Filter>
    <Filter Include="Resource Files">
      <UniqueIdentifier>{67DA6AB6-F800-4c08-8B7A-83BB121AAD01}</UniqueIdentifier>
      <Extensions>rc;ico;cur;bmp;dlg;rc2;rct;bin;rgs;gif;jpg;jpeg;jpe;resx;tiff;tif;png;wav</Extensions>
    </Filter>
  </ItemGroup>
  <ItemGroup>
    <ClCompile Include="common\ant_dll.cpp">
      <Filter>Source Files</Filter>
    </ClCompile>
    <ClCompile Include="basesim\ANTChannel.cpp">
      <Filter>Source Files</Filter>
    </ClCompile>
    <ClCompile Include="basesim\ANTClass.cpp">
      <Filter>Source Files</Filter>
    </ClCompile>
    <ClCompile Include="sensorsim\AssemblyInfo.cpp">
      <Filter>Source Files</Filter>
    </ClCompile>
    <ClCompile Include="devices\BikeCadenceSensor.cpp">
      <Filter>Source Files</Filter>
    </ClCompile>
    <ClCompile Include="devices\BikePowerSensor.cpp">
      <Filter>Source Files</Filter>
    </ClCompile>
    <ClCompile Include="devices\BikeSpdCadSensor.cpp">
      <Filter>Source Files</Filter>
    </ClCompile>
    <ClCompile Include="devices\BikeSpeedSensor.cpp">
      <Filter>Source Files</Filter>
    </ClCompile>
    <ClCompile Include="devices\CustomSensor.cpp">
      <Filter>Source Files</Filter>
    </ClCompile>
    <ClCompile Include="devices\GeocacheSensor.cpp">
      <Filter>Source Files</Filter>
    </ClCompile>
    <ClCompile Include="devices\HRMSensor.cpp">
      <Filter>Source Files</Filter>
    </ClCompile>
    <ClCompile Include="devices\LEVSensor.cpp">
      <Filter>Source Files</Filter>
    </ClCompile>
    <ClCompile Include="basesim\MainForm.cpp">
      <Filter>Source Files</Filter>
    </ClCompile>
    <ClCompile Include="devices\MSMSensor.cpp">
      <Filter>Source Files</Filter>
    </ClCompile>
    <ClCompile Include="devices\RacquetSensor.cpp">
      <Filter>Source Files</Filter>
    </ClCompile>
    <ClCompile Include="devices\SDMSensor.cpp">
      <Filter>Source Files</Filter>
    </ClCompile>
    <ClCompile Include="basesim\SimMain.cpp">
      <Filter>Source Files</Filter>
    </ClCompile>
    <ClCompile Include="basesim\stdafx.cpp">
      <Filter>Source Files</Filter>
    </ClCompile>
    <ClCompile Include="devices\TemperatureSensor.cpp">
      <Filter>Source Files</Filter>
    </ClCompile>
    <ClCompile Include="devices\WeightScaleSensor.cpp">
      <Filter>Source Files</Filter>
    </ClCompile>
  </ItemGroup>
  <ItemGroup>
    <ClInclude Include="basesim\AboutSim.h">
      <Filter>Header Files</Filter>
    </ClInclude>
    <ClInclude Include="common\ant_dll.h">
      <Filter>Header Files</Filter>
    </ClInclude>
    <ClInclude Include="basesim\ANTChannel.h">
      <Filter>Header Files</Filter>
    </ClInclude>
    <ClInclude Include="basesim\ANTClass.h">
      <Filter>Header Files</Filter>
    </ClInclude>
    <ClInclude Include="common\antdefines.h">
      <Filter>Header Files</Filter>
    </ClInclude>
    <ClInclude Include="common\antmessage.h">
      <Filter>Header Files</Filter>
    </ClInclude>
    <ClInclude Include="basesim\antplus.h">
      <Filter>Header Files</Filter>
    </ClInclude>
    <ClInclude Include="devices\antplus_bikepower.h">
      <Filter>Header Files</Filter>
    </ClInclude>
    <ClInclude Include="devices\antplus_common.h">
      <Filter>Header Files</Filter>
    </ClInclude>
    <ClInclude Include="devices\antPlus_Geocache.h">
      <Filter>Header Files</Filter>
    </ClInclude>
    <ClInclude Include="devices\antplus_lev.h">
      <Filter>Header Files</Filter>
    </ClInclude>
    <ClInclude Include="devices\antPlus_MSM.h">
      <Filter>Header Files</Filter>
    </ClInclude>
    <ClInclude Include="devices\antplus_racquet.h">
      <Filter>Header Files</Filter>
    </ClInclude>
    <ClInclude Include="devices\antplus_temperature.h">
      <Filter>Header Files</Filter>
    </ClInclude>
    <ClInclude Include="devices\antplus_weight.h">
      <Filter>Header Files</Filter>
    </ClInclude>
    <ClInclude Include="devices\bc.h">
      <Filter>Header Files</Filter>
    </ClInclude>
    <ClInclude Include="devices\BikeCadenceSensor.h">
      <Filter>Header Files</Filter>
    </ClInclude>
    <ClInclude Include="devices\BikePowerSensor.h">
      <Filter>Header Files</Filter>
    </ClInclude>
    <ClInclude Include="devices\BikeSpdCadSensor.h">
      <Filter>Header Files</Filter>
    </ClInclude>
    <ClInclude Include="devices\BikeSpeedSensor.h">
      <Filter>Header Files</Filter>
    </ClInclude>
    <ClInclude Include="devices\bs.h">
      <Filter>Header Files</Filter>
    </ClInclude>
    <ClInclude Include="devices\bsc.h">
      <Filter>Header Files</Filter>
    </ClInclude>
    <ClInclude Include="sensorsim\config.h">
      <Filter>Header Files</Filter>
    </ClInclude>
    <ClInclude Include="devices\custom.h">
      <Filter>Header Files</Filter>
    </ClInclude>
    <ClInclude Include="devices\CustomSensor.h">
      <Filter>Header Files</Filter>
    </ClInclude>
    <ClInclude Include="devices\GeocacheSensor.h">
      <Filter>Header Files</Filter>
    </ClInclude>
    <ClInclude Include="devices\hrm.h">
      <Filter>Header Files</Filter>
    </ClInclude>
    <ClInclude Include="devices\HRMSensor.h">
      <Filter>Header Files</Filter>
    </ClInclude>
    <ClInclude Include="devices\ISimBase.h">
      <Filter>Header Files</Filter>
    </ClInclude>
    <ClInclude Include="devices\LEVSensor.h">
      <Filter>Header Files</Filter>
    </ClInclude>
    <ClInclude Include="basesim\MainForm.h">
      <Filter>Header Files</Filter>
    </ClInclude>
    <ClInclude Include="devices\MSMSensor.h">
      <Filter>Header Files</Filter>
    </ClInclude>
    <ClInclude Include="devices\RacquetSensor.h">
      <Filter>Header Files</Filter>
    </ClInclude>
    <ClInclude Include="devices\sdm.h">
      <Filter>Header Files</Filter>
    </ClInclude>
    <ClInclude Include="devices\SDMSensor.h">
      <Filter>Header Files</Filter>
    </ClInclude>
    <ClInclude Include="basesim\SimTypes.h">
      <Filter>Header Files</Filter>
    </ClInclude>
    <ClInclude Include="devices\TemperatureSensor.h">
      <Filter>Header Files</Filter>
    </ClInclude>
    <ClInclude Include="common\types.h">
      <Filter>Header Files</Filter>
    </ClInclude>
    <ClInclude Include="devices\WeightScaleSensor.h">
      <Filter>Header Files</Filter>
    </ClInclude>
  </ItemGroup>
  <ItemGroup>
    <Image Include="basesim\antplus.ico">
      <Filter>Resource Files</Filter>
    </Image>
  </ItemGroup>
  <ItemGroup>
    <ResourceCompile Include="basesim\app.rc">
      <Filter>Resource Files</Filter>
    </ResourceCompile>
  </ItemGroup>
  <ItemGroup>
    <CustomBuild Include="basesim\stdafx.h">
      <Filter>Header Files</Filter>
    </CustomBuild>
  </ItemGroup>
  <ItemGroup>
    <EmbeddedResource Include="basesim\AboutSim.resx">
      <Filter>Resource Files</Filter>
    </EmbeddedResource>
    <EmbeddedResource Include="basesim\ANTChannel.resx">
      <Filter>Resource Files</Filter>
    </EmbeddedResource>
    <EmbeddedResource Include="basesim\MainForm.resX">
      <Filter>Resource Files</Filter>
    </EmbeddedResource>
    <EmbeddedResource Include="devices\BikeCadenceSensor.resx">
      <Filter>Resource Files</Filter>
    </EmbeddedResource>
    <EmbeddedResource Include="devices\BikePowerSensor.resx">
      <Filter>Resource Files</Filter>
    </EmbeddedResource>
    <EmbeddedResource Include="devices\BikeSpdCadSensor.resx">
      <Filter>Resource Files</Filter>
    </EmbeddedResource>
    <EmbeddedResource Include="devices\BikeSpeedSensor.resx">
      <Filter>Resource Files</Filter>
    </EmbeddedResource>
    <EmbeddedResource Include="devices\CustomSensor.resx">
      <Filter>Resource Files</Filter>
    </EmbeddedResource>
    <EmbeddedResource Include="devices\GeocacheSensor.resx">
      <Filter>Resource Files</Filter>
    </EmbeddedResource>
    <EmbeddedResource Include="devices\HRMSensor.resx">
      <Filter>Resource Files</Filter>
    </EmbeddedResource>
    <EmbeddedResource Include="devices\LEVSensor.resx">
      <Filter>Resource Files</Filter>
    </EmbeddedResource>
    <EmbeddedResource Include="devices\MSMSensor.resx">
      <Filter>Resource Files</Filter>
    </EmbeddedResource>
    <EmbeddedResource Include="devices\RacquetSensor.resx">
      <Filter>Resource Files</Filter>
    </EmbeddedResource>
    <EmbeddedResource Include="devices\SDMSensor.resx">
      <Filter>Resource Files</Filter>
    </EmbeddedResource>
    <EmbeddedResource Include="devices\TemperatureSensor.resx">
      <Filter>Resource Files</Filter>
    </EmbeddedResource>
    <EmbeddedResource Include="devices\WeightScaleSensor.resx">
      <Filter>Resource Files</Filter>
    </EmbeddedResource>
  </ItemGroup>
</Project>